
Microsoft Visual Studio Solution File, Format Version 12.00
# Visual Studio Version 17
VisualStudioVersion = 17.14.37012.4 d17.14
MinimumVisualStudioVersion = 10.0.40219.1
Project("{FAE04EC0-301F-11D3-BF4B-00C04F79EFBC}") = "WinUtilityAppliance", "WindowsUpdateFreeze\WinUtilityAppliance.csproj", "{1DF08A89-80E7-4E1D-8786-6BD95A963109}"
EndProject
Global
	GlobalSection(SolutionConfigurationPlatforms) = preSolution
		Debug|Any CPU = Debug|Any CPU
		Release|Any CPU = Release|Any CPU
	EndGlobalSection
	GlobalSection(ProjectConfigurationPlatforms) = postSolution
		{1DF08A89-80E7-4E1D-8786-6BD95A963109}.Debug|Any CPU.ActiveCfg = Debug|Any CPU
		{1DF08A89-80E7-4E1D-8786-6BD95A963109}.Debug|Any CPU.Build.0 = Debug|Any CPU
		{1DF08A89-80E7-4E1D-8786-6BD95A963109}.Release|Any CPU.ActiveCfg = Release|Any CPU
		{1DF08A89-80E7-4E1D-8786-6BD95A963109}.Release|Any CPU.Build.0 = Release|Any CPU
	EndGlobalSection
	GlobalSection(SolutionProperties) = preSolution
		HideSolutionNode = FALSE
	EndGlobalSection
	GlobalSection(ExtensibilityGlobals) = postSolution
		SolutionGuid = {B41162B1-EB7C-4174-BCC7-27302BA4E4D1}
	EndGlobalSection
EndGlobal
